
Microsoft Visual Studio Solution File, Format Version 12.00
# Visual Studio Version 16
VisualStudioVersion = 16.0.29709.97
MinimumVisualStudioVersion = 10.0.40219.1
Project("{9A19103F-16F7-4668-BE54-9A1E7A4F7556}") = "NetrackServer", "NetrackServer\NetrackServer.csproj", "{9BCBBB72-17FC-476F-8214-A5B35629C25F}"
EndProject
Project("{FAE04EC0-301F-11D3-BF4B-00C04F79EFBC}") = "NetrackServerTests", "NetrackServerTests\NetrackServerTests.csproj", "{9E0EF17D-935B-4E50-8E4E-282C6200B288}"
EndProject
Global
	GlobalSection(SolutionConfigurationPlatforms) = preSolution
		Debug|Any CPU = Debug|Any CPU
		Release|Any CPU = Release|Any CPU
	EndGlobalSection
	GlobalSection(ProjectConfigurationPlatforms) = postSolution
		{9BCBBB72-17FC-476F-8214-A5B35629C25F}.Debug|Any CPU.ActiveCfg = Debug|Any CPU
		{9BCBBB72-17FC-476F-8214-A5B35629C25F}.Debug|Any CPU.Build.0 = Debug|Any CPU
		{9BCBBB72-17FC-476F-8214-A5B35629C25F}.Release|Any CPU.ActiveCfg = Release|Any CPU
		{9BCBBB72-17FC-476F-8214-A5B35629C25F}.Release|Any CPU.Build.0 = Release|Any CPU
		{9E0EF17D-935B-4E50-8E4E-282C6200B288}.Debug|Any CPU.ActiveCfg = Debug|Any CPU
		{9E0EF17D-935B-4E50-8E4E-282C6200B288}.Debug|Any CPU.Build.0 = Debug|Any CPU
		{9E0EF17D-935B-4E50-8E4E-282C6200B288}.Release|Any CPU.ActiveCfg = Release|Any CPU
		{9E0EF17D-935B-4E50-8E4E-282C6200B288}.Release|Any CPU.Build.0 = Release|Any CPU
	EndGlobalSection
	GlobalSection(SolutionProperties) = preSolution
		HideSolutionNode = FALSE
	EndGlobalSection
	GlobalSection(ExtensibilityGlobals) = postSolution
		SolutionGuid = {BDCD769A-1F30-4947-9E7D-03323D8558A8}
	EndGlobalSection
EndGlobal
